
Microsoft Visual Studio Solution File, Format Version 12.00
# Visual Studio Version 16
VisualStudioVersion = 16.0.32126.315
MinimumVisualStudioVersion = 10.0.40219.1
Project("{FAE04EC0-301F-11D3-BF4B-00C04F79EFBC}") = "Expenditure_Management", "Expenditure_Management.csproj", "{1F71008F-822A-4C8B-8135-CB91D9D3DD9F}"
EndProject
Global
	GlobalSection(SolutionConfigurationPlatforms) = preSolution
		Debug|Any CPU = Debug|Any CPU
		Release|Any CPU = Release|Any CPU
	EndGlobalSection
	GlobalSection(ProjectConfigurationPlatforms) = postSolution
		{1F71008F-822A-4C8B-8135-CB91D9D3DD9F}.Debug|Any CPU.ActiveCfg = Debug|Any CPU
		{1F71008F-822A-4C8B-8135-CB91D9D3DD9F}.Debug|Any CPU.Build.0 = Debug|Any CPU
		{1F71008F-822A-4C8B-8135-CB91D9D3DD9F}.Release|Any CPU.ActiveCfg = Release|Any CPU
		{1F71008F-822A-4C8B-8135-CB91D9D3DD9F}.Release|Any CPU.Build.0 = Release|Any CPU
	EndGlobalSection
	GlobalSection(SolutionProperties) = preSolution
		HideSolutionNode = FALSE
	EndGlobalSection
	GlobalSection(ExtensibilityGlobals) = postSolution
		SolutionGuid = {84826D4D-B977-4FB0-A2F7-858ADBFE9B5F}
	EndGlobalSection
EndGlobal
